// !$*UTF8*$!
{
	archiveVersion = 1;
	classes = {
	};
	objectVersion = 50;
	objects = {

/* Begin PBXBuildFile section */
		33A8A01E23DA2BA700AA5C44 /* AppDelegate.swift in Sources */ = {isa = PBXBuildFile; fileRef = 33A8A01D23DA2BA700AA5C44 /* AppDelegate.swift */; };
		33A8A02023DA2BA700AA5C44 /* SceneDelegate.swift in Sources */ = {isa = PBXBuildFile; fileRef = 33A8A01F23DA2BA700AA5C44 /* SceneDelegate.swift */; };
		33A8A02223DA2BA700AA5C44 /* ViewController.swift in Sources */ = {isa = PBXBuildFile; fileRef = 33A8A02123DA2BA700AA5C44 /* ViewController.swift */; };
		33A8A02523DA2BA700AA5C44 /* Main.storyboard in Resources */ = {isa = PBXBuildFile; fileRef = 33A8A02323DA2BA700AA5C44 /* Main.storyboard */; };
		33A8A02723DA2BAF00AA5C44 /* Assets.xcassets in Resources */ = {isa = PBXBuildFile; fileRef = 33A8A02623DA2BAF00AA5C44 /* Assets.xcassets */; };
		33A8A02A23DA2BAF00AA5C44 /* LaunchScreen.storyboard in Resources */ = {isa = PBXBuildFile; fileRef = 33A8A02823DA2BAF00AA5C44 /* LaunchScreen.storyboard */; };
		33A8A03323DA2DCB00AA5C44 /* FirstTaskMainViewController.swift in Sources */ = {isa = PBXBuildFile; fileRef = 33A8A03223DA2DCB00AA5C44 /* FirstTaskMainViewController.swift */; };
/* End PBXBuildFile section */

/* Begin PBXFileReference section */
		33A8A01A23DA2BA700AA5C44 /* Lesson9Task1.app */ = {isa = PBXFileReference; explicitFileType = wrapper.application; includeInIndex = 0; path = Lesson9Task1.app; sourceTree = BUILT_PRODUCTS_DIR; };
		33A8A01D23DA2BA700AA5C44 /* AppDelegate.swift */ = {isa = PBXFileReference; lastKnownFileType = sourcecode.swift; path = AppDelegate.swift; sourceTree = "<group>"; };
		33A8A01F23DA2BA700AA5C44 /* SceneDelegate.swift */ = {isa = PBXFileReference; lastKnownFileType = sourcecode.swift; path = SceneDelegate.swift; sourceTree = "<group>"; };
		33A8A02123DA2BA700AA5C44 /* ViewController.swift */ = {isa = PBXFileReference; lastKnownFileType = sourcecode.swift; path = ViewController.swift; sourceTree = "<group>"; };
		33A8A02423DA2BA700AA5C44 /* Base */ = {isa = PBXFileReference; lastKnownFileType = file.storyboard; name = Base; path = Base.lproj/Main.storyboard; sourceTree = "<group>"; };
		33A8A02623DA2BAF00AA5C44 /* Assets.xcassets */ = {isa = PBXFileReference; lastKnownFileType = folder.assetcatalog; path = Assets.xcassets; sourceTree = "<group>"; };
		33A8A02923DA2BAF00AA5C44 /* Base */ = {isa = PBXFileReference; lastKnownFileType = file.storyboard; name = Base; path = Base.lproj/LaunchScreen.storyboard; sourceTree = "<group>"; };
		33A8A02B23DA2BAF00AA5C44 /* Info.plist */ = {isa = PBXFileReference; lastKnownFileType = text.plist.xml; path = Info.plist; sourceTree = "<group>"; };
		33A8A03223DA2DCB00AA5C44 /* FirstTaskMainViewController.swift */ = {isa = PBXFileReference; lastKnownFileType = sourcecode.swift; path = FirstTaskMainViewController.swift; sourceTree = "<group>"; };
/* End PBXFileReference section */

/* Begin PBXFrameworksBuildPhase section */
		33A8A01723DA2BA700AA5C44 /* Frameworks */ = {
			isa = PBXFrameworksBuildPhase;
			buildActionMask = 2147483647;
			files = (
			);
			runOnlyForDeploymentPostprocessing = 0;
		};
/* End PBXFrameworksBuildPhase section */

/* Begin PBXGroup section */
		33A8A01123DA2BA700AA5C44 = {
			isa = PBXGroup;
			children = (
				33A8A01C23DA2BA700AA5C44 /* Lesson9Task1 */,
				33A8A01B23DA2BA700AA5C44 /* Products */,
			);
			sourceTree = "<group>";
		};
		33A8A01B23DA2BA700AA5C44 /* Products */ = {
			isa = PBXGroup;
			children = (
				33A8A01A23DA2BA700AA5C44 /* Lesson9Task1.app */,
			);
			name = Products;
			sourceTree = "<group>";
		};
		33A8A01C23DA2BA700AA5C44 /* Lesson9Task1 */ = {
			isa = PBXGroup;
			children = (
				33A8A03123DA2D9D00AA5C44 /* FirstTask */,
				33A8A01D23DA2BA700AA5C44 /* AppDelegate.swift */,
				33A8A01F23DA2BA700AA5C44 /* SceneDelegate.swift */,
				33A8A02123DA2BA700AA5C44 /* ViewController.swift */,
				33A8A02323DA2BA700AA5C44 /* Main.storyboard */,
				33A8A02623DA2BAF00AA5C44 /* Assets.xcassets */,
				33A8A02823DA2BAF00AA5C44 /* LaunchScreen.storyboard */,
				33A8A02B23DA2BAF00AA5C44 /* Info.plist */,
			);
			path = Lesson9Task1;
			sourceTree = "<group>";
		};
		33A8A03123DA2D9D00AA5C44 /* FirstTask */ = {
			isa = PBXGroup;
			children = (
				33A8A03223DA2DCB00AA5C44 /* FirstTaskMainViewController.swift */,
			);
			path = FirstTask;
			sourceTree = "<group>";
		};
/* End PBXGroup section */

/* Begin PBXNativeTarget section */
		33A8A01923DA2BA700AA5C44 /* Lesson9Task1 */ = {
			isa = PBXNativeTarget;
			buildConfigurationList = 33A8A02E23DA2BAF00AA5C44 /* Build configuration list for PBXNativeTarget "Lesson9Task1" */;
			buildPhases = (
				33A8A01623DA2BA700AA5C44 /* Sources */,
				33A8A01723DA2BA700AA5C44 /* Frameworks */,
				33A8A01823DA2BA700AA5C44 /* Resources */,
			);
			buildRules = (
			);
			dependencies = (
			);
			name = Lesson9Task1;
			productName = Lesson9Task1;
			productReference = 33A8A01A23DA2BA700AA5C44 /* Lesson9Task1.app */;
			productType = "com.apple.product-type.application";
		};
/* End PBXNativeTarget section */

/* Begin PBXProject section */
		33A8A01223DA2BA700AA5C44 /* Project object */ = {
			isa = PBXProject;
			attributes = {
				LastSwiftUpdateCheck = 1110;
				LastUpgradeCheck = 1110;
				ORGANIZATIONNAME = "Михаил Беленко";
				TargetAttributes = {
					33A8A01923DA2BA700AA5C44 = {
						CreatedOnToolsVersion = 11.1;
					};
				};
			};
			buildConfigurationList = 33A8A01523DA2BA700AA5C44 /* Build configuration list for PBXProject "Lesson9Task1" */;
			compatibilityVersion = "Xcode 9.3";
			developmentRegion = en;
			hasScannedForEncodings = 0;
			knownRegions = (
				en,
				Base,
			);
			mainGroup = 33A8A01123DA2BA700AA5C44;
			productRefGroup = 33A8A01B23DA2BA700AA5C44 /* Products */;
			projectDirPath = "";
			projectRoot = "";
			targets = (
				33A8A01923DA2BA700AA5C44 /* Lesson9Task1 */,
			);
		};
/* End PBXProject section */

/* Begin PBXResourcesBuildPhase section */
		33A8A01823DA2BA700AA5C44 /* Resources */ = {
			isa = PBXResourcesBuildPhase;
			buildActionMask = 2147483647;
			files = (
				33A8A02A23DA2BAF00AA5C44 /* LaunchScreen.storyboard in Resources */,
				33A8A02723DA2BAF00AA5C44 /* Assets.xcassets in Resources */,
				33A8A02523DA2BA700AA5C44 /* Main.storyboard in Resources */,
			);
			runOnlyForDeploymentPostprocessing = 0;
		};
/* End PBXResourcesBuildPhase section */

/* Begin PBXSourcesBuildPhase section */
		33A8A01623DA2BA700AA5C44 /* Sources */ = {
			isa = PBXSourcesBuildPhase;
			buildActionMask = 2147483647;
			files = (
				33A8A02223DA2BA700AA5C44 /* ViewController.swift in Sources */,
				33A8A03323DA2DCB00AA5C44 /* FirstTaskMainViewController.swift in Sources */,
				33A8A01E23DA2BA700AA5C44 /* AppDelegate.swift in Sources */,
				33A8A02023DA2BA700AA5C44 /* SceneDelegate.swift in Sources */,
			);
			runOnlyForDeploymentPostprocessing = 0;
		};
/* End PBXSourcesBuildPhase section */

/* Begin PBXVariantGroup section */
		33A8A02323DA2BA700AA5C44 /* Main.storyboard */ = {
			isa = PBXVariantGroup;
			children = (
				33A8A02423DA2BA700AA5C44 /* Base */,
			);
			name = Main.storyboard;
			sourceTree = "<group>";
		};
		33A8A02823DA2BAF00AA5C44 /* LaunchScreen.storyboard */ = {
			isa = PBXVariantGroup;
			children = (
				33A8A02923DA2BAF00AA5C44 /* Base */,
			);
			name = LaunchScreen.storyboard;
			sourceTree = "<group>";
		};
/* End PBXVariantGroup section */

/* Begin XCBuildConfiguration section */
		33A8A02C23DA2BAF00AA5C44 /* Debug */ = {
			isa = XCBuildConfiguration;
			buildSettings = {
				ALWAYS_SEARCH_USER_PATHS = NO;
				CLANG_ANALYZER_NONNULL = YES;
				CLANG_ANALYZER_NUMBER_OBJECT_CONVERSION = YES_AGGRESSIVE;
				CLANG_CXX_LANGUAGE_STANDARD = "gnu++14";
				CLANG_CXX_LIBRARY = "libc++";
				CLANG_ENABLE_MODULES = YES;
				CLANG_ENABLE_OBJC_ARC = YES;
				CLANG_ENABLE_OBJC_WEAK = YES;
				CLANG_WARN_BLOCK_CAPTURE_AUTORELEASING = YES;
				CLANG_WARN_BOOL_CONVERSION = YES;
				CLANG_WARN_COMMA = YES;
				CLANG_WARN_CONSTANT_CONVERSION = YES;
				CLANG_WARN_DEPRECATED_OBJC_IMPLEMENTATIONS = YES;
				CLANG_WARN_DIRECT_OBJC_ISA_USAGE = YES_ERROR;
				CLANG_WARN_DOCUMENTATION_COMMENTS = YES;
				CLANG_WARN_EMPTY_BODY = YES;
				CLANG_WARN_ENUM_CONVERSION = YES;
				CLANG_WARN_INFINITE_RECURSION = YES;
				CLANG_WARN_INT_CONVERSION = YES;
				CLANG_WARN_NON_LITERAL_NULL_CONVERSION = YES;
				CLANG_WARN_OBJC_IMPLICIT_RETAIN_SELF = YES;
				CLANG_WARN_OBJC_LITERAL_CONVERSION = YES;
				CLANG_WARN_OBJC_ROOT_CLASS = YES_ERROR;
				CLANG_WARN_RANGE_LOOP_ANALYSIS = YES;
				CLANG_WARN_STRICT_PROTOTYPES = YES;
				CLANG_WARN_SUSPICIOUS_MOVE = YES;
				CLANG_WARN_UNGUARDED_AVAILABILITY = YES_AGGRESSIVE;
				CLANG_WARN_UNREACHABLE_CODE = YES;
				CLANG_WARN__DUPLICATE_METHOD_MATCH = YES;
				COPY_PHASE_STRIP = NO;
				DEBUG_INFORMATION_FORMAT = dwarf;
				ENABLE_STRICT_OBJC_MSGSEND = YES;
				ENABLE_TESTABILITY = YES;
				GCC_C_LANGUAGE_STANDARD = gnu11;
				GCC_DYNAMIC_NO_PIC = NO;
				GCC_NO_COMMON_BLOCKS = YES;
				GCC_OPTIMIZATION_LEVEL = 0;
				GCC_PREPROCESSOR_DEFINITIONS = (
					"DEBUG=1",
					"$(inherited)",
				);
				GCC_WARN_64_TO_32_BIT_CONVERSION = YES;
				GCC_WARN_ABOUT_RETURN_TYPE = YES_ERROR;
				GCC_WARN_UNDECLARED_SELECTOR = YES;
				GCC_WARN_UNINITIALIZED_AUTOS = YES_AGGRESSIVE;
				GCC_WARN_UNUSED_FUNCTION = YES;
				GCC_WARN_UNUSED_VARIABLE = YES;
				IPHONEOS_DEPLOYMENT_TARGET = 13.1;
				MTL_ENABLE_DEBUG_INFO = INCLUDE_SOURCE;
				MTL_FAST_MATH = YES;
				ONLY_ACTIVE_ARCH = YES;
				SDKROOT = iphoneos;
				SWIFT_ACTIVE_COMPILATION_CONDITIONS = DEBUG;
				SWIFT_OPTIMIZATION_LEVEL = "-Onone";
			};
			name = Debug;
		};
		33A8A02D23DA2BAF00AA5C44 /* Release */ = {
			isa = XCBuildConfiguration;
			buildSettings = {
				ALWAYS_SEARCH_USER_PATHS = NO;
				CLANG_ANALYZER_NONNULL = YES;
				CLANG_ANALYZER_NUMBER_OBJECT_CONVERSION = YES_AGGRESSIVE;
				CLANG_CXX_LANGUAGE_STANDARD = "gnu++14";
				CLANG_CXX_LIBRARY = "libc++";
				CLANG_ENABLE_MODULES = YES;
				CLANG_ENABLE_OBJC_ARC = YES;
				CLANG_ENABLE_OBJC_WEAK = YES;
				CLANG_WARN_BLOCK_CAPTURE_AUTORELEASING = YES;
				CLANG_WARN_BOOL_CONVERSION = YES;
				CLANG_WARN_COMMA = YES;
				CLANG_WARN_CONSTANT_CONVERSION = YES;
				CLANG_WARN_DEPRECATED_OBJC_IMPLEMENTATIONS = YES;
				CLANG_WARN_DIRECT_OBJC_ISA_USAGE = YES_ERROR;
				CLANG_WARN_DOCUMENTATION_COMMENTS = YES;
				CLANG_WARN_EMPTY_BODY = YES;
				CLANG_WARN_ENUM_CONVERSION = YES;
				CLANG_WARN_INFINITE_RECURSION = YES;
				CLANG_WARN_INT_CONVERSION = YES;
				CLANG_WARN_NON_LITERAL_NULL_CONVERSION = YES;
				CLANG_WARN_OBJC_IMPLICIT_RETAIN_SELF = YES;
				CLANG_WARN_OBJC_LITERAL_CONVERSION = YES;
				CLANG_WARN_OBJC_ROOT_CLASS = YES_ERROR;
				CLANG_WARN_RANGE_LOOP_ANALYSIS = YES;
				CLANG_WARN_STRICT_PROTOTYPES = YES;
				CLANG_WARN_SUSPICIOUS_MOVE = YES;
				CLANG_WARN_UNGUARDED_AVAILABILITY = YES_AGGRESSIVE;
				CLANG_WARN_UNREACHABLE_CODE = YES;
				CLANG_WARN__DUPLICATE_METHOD_MATCH = YES;
				COPY_PHASE_STRIP = NO;
				DEBUG_INFORMATION_FORMAT = "dwarf-with-dsym";
				ENABLE_NS_ASSERTIONS = NO;
				ENABLE_STRICT_OBJC_MSGSEND = YES;
				GCC_C_LANGUAGE_STANDARD = gnu11;
				GCC_NO_COMMON_BLOCKS = YES;
				GCC_WARN_64_TO_32_BIT_CONVERSION = YES;
				GCC_WARN_ABOUT_RETURN_TYPE = YES_ERROR;
				GCC_WARN_UNDECLARED_SELECTOR = YES;
				GCC_WARN_UNINITIALIZED_AUTOS = YES_AGGRESSIVE;
				GCC_WARN_UNUSED_FUNCTION = YES;
				GCC_WARN_UNUSED_VARIABLE = YES;
				IPHONEOS_DEPLOYMENT_TARGET = 13.1;
				MTL_ENABLE_DEBUG_INFO = NO;
				MTL_FAST_MATH = YES;
				SDKROOT = iphoneos;
				SWIFT_COMPILATION_MODE = wholemodule;
				SWIFT_OPTIMIZATION_LEVEL = "-O";
				VALIDATE_PRODUCT = YES;
			};
			name = Release;
		};
		33A8A02F23DA2BAF00AA5C44 /* Debug */ = {
			isa = XCBuildConfiguration;
			buildSettings = {
				ASSETCATALOG_COMPILER_APPICON_NAME = AppIcon;
				CODE_SIGN_STYLE = Automatic;
				INFOPLIST_FILE = Lesson9Task1/Info.plist;
				LD_RUNPATH_SEARCH_PATHS = (
					"$(inherited)",
					"@executable_path/Frameworks",
				);
				PRODUCT_BUNDLE_IDENTIFIER = BelenkoMO.Lesson9Task1;
				PRODUCT_NAME = "$(TARGET_NAME)";
				SWIFT_VERSION = 5.0;
				TARGETED_DEVICE_FAMILY = "1,2";
			};
			name = Debug;
		};
		33A8A03023DA2BAF00AA5C44 /* Release */ = {
			isa = XCBuildConfiguration;
			buildSettings = {
				ASSETCATALOG_COMPILER_APPICON_NAME = AppIcon;
				CODE_SIGN_STYLE = Automatic;
				INFOPLIST_FILE = Lesson9Task1/Info.plist;
				LD_RUNPATH_SEARCH_PATHS = (
					"$(inherited)",
					"@executable_path/Frameworks",
				);
				PRODUCT_BUNDLE_IDENTIFIER = BelenkoMO.Lesson9Task1;
				PRODUCT_NAME = "$(TARGET_NAME)";
				SWIFT_VERSION = 5.0;
				TARGETED_DEVICE_FAMILY = "1,2";
			};
			name = Release;
		};
/* End XCBuildConfiguration section */

/* Begin XCConfigurationList section */
		33A8A01523DA2BA700AA5C44 /* Build configuration list for PBXProject "Lesson9Task1" */ = {
			isa = XCConfigurationList;
			buildConfigurations = (
				33A8A02C23DA2BAF00AA5C44 /* Debug */,
				33A8A02D23DA2BAF00AA5C44 /* Release */,
			);
			defaultConfigurationIsVisible = 0;
			defaultConfigurationName = Release;
		};
		33A8A02E23DA2BAF00AA5C44 /* Build configuration list for PBXNativeTarget "Lesson9Task1" */ = {
			isa = XCConfigurationList;
			buildConfigurations = (
				33A8A02F23DA2BAF00AA5C44 /* Debug */,
				33A8A03023DA2BAF00AA5C44 /* Release */,
			);
			defaultConfigurationIsVisible = 0;
			defaultConfigurationName = Release;
		};
/* End XCConfigurationList section */
	};
	rootObject = 33A8A01223DA2BA700AA5C44 /* Project object */;
}
