// !$*UTF8*$!
{
	archiveVersion = 1;
	classes = {
	};
	objectVersion = 51;
	objects = {

/* Begin PBXBuildFile section */
		0ECA698405B87A0BD2FD12D9 /* Pods_DiplomProject.framework in Frameworks */ = {isa = PBXBuildFile; fileRef = CA5F7B1A9BB503CCC596D78F /* Pods_DiplomProject.framework */; };
		3309EBD023EB0012009C51E3 /* ExcenseScreenViewConroller.swift in Sources */ = {isa = PBXBuildFile; fileRef = 3309EBCF23EB0012009C51E3 /* ExcenseScreenViewConroller.swift */; };
		330E009823EAD39600664CA2 /* MainScreenViewController+Alert.swift in Sources */ = {isa = PBXBuildFile; fileRef = 330E009723EAD39600664CA2 /* MainScreenViewController+Alert.swift */; };
		3310221323EB056800541354 /* ExcenseScreenViewConroller + Alerts.swift in Sources */ = {isa = PBXBuildFile; fileRef = 3310221223EB056800541354 /* ExcenseScreenViewConroller + Alerts.swift */; };
		3342A96323EAEC8E004D3C0C /* ChartExpenseIncomeViewController.swift in Sources */ = {isa = PBXBuildFile; fileRef = 3342A96223EAEC8E004D3C0C /* ChartExpenseIncomeViewController.swift */; };
		3342A96523EAF796004D3C0C /* TransactionTableViewCell.swift in Sources */ = {isa = PBXBuildFile; fileRef = 3342A96423EAF796004D3C0C /* TransactionTableViewCell.swift */; };
		33ACA5D223EAB3E5003689D6 /* Persistence.swift in Sources */ = {isa = PBXBuildFile; fileRef = 33ACA5D123EAB3E4003689D6 /* Persistence.swift */; };
		33ACA5D423EAB99D003689D6 /* Transaction.swift in Sources */ = {isa = PBXBuildFile; fileRef = 33ACA5D323EAB99D003689D6 /* Transaction.swift */; };
		33ACA5DB23EABBBD003689D6 /* Income.swift in Sources */ = {isa = PBXBuildFile; fileRef = 33ACA5DA23EABBBD003689D6 /* Income.swift */; };
		33ACA5DD23EABC34003689D6 /* Expense.swift in Sources */ = {isa = PBXBuildFile; fileRef = 33ACA5DC23EABC34003689D6 /* Expense.swift */; };
		33ACA5DF23EABCC3003689D6 /* ExpenseCategory.swift in Sources */ = {isa = PBXBuildFile; fileRef = 33ACA5DE23EABCC3003689D6 /* ExpenseCategory.swift */; };
		33ACA5E123EAC32E003689D6 /* ExcensesCategoryTableViewCell.swift in Sources */ = {isa = PBXBuildFile; fileRef = 33ACA5E023EAC32E003689D6 /* ExcensesCategoryTableViewCell.swift */; };
		33ACA5E323EAC512003689D6 /* MainScreenViewController.swift in Sources */ = {isa = PBXBuildFile; fileRef = 33ACA5E223EAC512003689D6 /* MainScreenViewController.swift */; };
		33ACA5E623EACC08003689D6 /* DefaultButton.swift in Sources */ = {isa = PBXBuildFile; fileRef = 33ACA5E523EACC08003689D6 /* DefaultButton.swift */; };
		33AE031823EAB0E00063D96F /* AppDelegate.swift in Sources */ = {isa = PBXBuildFile; fileRef = 33AE031723EAB0E00063D96F /* AppDelegate.swift */; };
		33AE031A23EAB0E00063D96F /* SceneDelegate.swift in Sources */ = {isa = PBXBuildFile; fileRef = 33AE031923EAB0E00063D96F /* SceneDelegate.swift */; };
		33AE031F23EAB0E00063D96F /* Main.storyboard in Resources */ = {isa = PBXBuildFile; fileRef = 33AE031D23EAB0E00063D96F /* Main.storyboard */; };
		33AE032123EAB0E90063D96F /* Assets.xcassets in Resources */ = {isa = PBXBuildFile; fileRef = 33AE032023EAB0E90063D96F /* Assets.xcassets */; };
		33AE032423EAB0E90063D96F /* LaunchScreen.storyboard in Resources */ = {isa = PBXBuildFile; fileRef = 33AE032223EAB0E90063D96F /* LaunchScreen.storyboard */; };
/* End PBXBuildFile section */

/* Begin PBXFileReference section */
		3309EBCF23EB0012009C51E3 /* ExcenseScreenViewConroller.swift */ = {isa = PBXFileReference; lastKnownFileType = sourcecode.swift; path = ExcenseScreenViewConroller.swift; sourceTree = "<group>"; };
		330E009723EAD39600664CA2 /* MainScreenViewController+Alert.swift */ = {isa = PBXFileReference; lastKnownFileType = sourcecode.swift; path = "MainScreenViewController+Alert.swift"; sourceTree = "<group>"; };
		3310221223EB056800541354 /* ExcenseScreenViewConroller + Alerts.swift */ = {isa = PBXFileReference; lastKnownFileType = sourcecode.swift; path = "ExcenseScreenViewConroller + Alerts.swift"; sourceTree = "<group>"; };
		3342A96223EAEC8E004D3C0C /* ChartExpenseIncomeViewController.swift */ = {isa = PBXFileReference; lastKnownFileType = sourcecode.swift; path = ChartExpenseIncomeViewController.swift; sourceTree = "<group>"; };
		3342A96423EAF796004D3C0C /* TransactionTableViewCell.swift */ = {isa = PBXFileReference; lastKnownFileType = sourcecode.swift; path = TransactionTableViewCell.swift; sourceTree = "<group>"; };
		33ACA5D123EAB3E4003689D6 /* Persistence.swift */ = {isa = PBXFileReference; lastKnownFileType = sourcecode.swift; path = Persistence.swift; sourceTree = "<group>"; };
		33ACA5D323EAB99D003689D6 /* Transaction.swift */ = {isa = PBXFileReference; lastKnownFileType = sourcecode.swift; path = Transaction.swift; sourceTree = "<group>"; };
		33ACA5DA23EABBBD003689D6 /* Income.swift */ = {isa = PBXFileReference; lastKnownFileType = sourcecode.swift; path = Income.swift; sourceTree = "<group>"; };
		33ACA5DC23EABC34003689D6 /* Expense.swift */ = {isa = PBXFileReference; lastKnownFileType = sourcecode.swift; path = Expense.swift; sourceTree = "<group>"; };
		33ACA5DE23EABCC3003689D6 /* ExpenseCategory.swift */ = {isa = PBXFileReference; lastKnownFileType = sourcecode.swift; path = ExpenseCategory.swift; sourceTree = "<group>"; };
		33ACA5E023EAC32E003689D6 /* ExcensesCategoryTableViewCell.swift */ = {isa = PBXFileReference; lastKnownFileType = sourcecode.swift; path = ExcensesCategoryTableViewCell.swift; sourceTree = "<group>"; };
		33ACA5E223EAC512003689D6 /* MainScreenViewController.swift */ = {isa = PBXFileReference; lastKnownFileType = sourcecode.swift; path = MainScreenViewController.swift; sourceTree = "<group>"; };
		33ACA5E523EACC08003689D6 /* DefaultButton.swift */ = {isa = PBXFileReference; lastKnownFileType = sourcecode.swift; path = DefaultButton.swift; sourceTree = "<group>"; };
		33AE031423EAB0E00063D96F /* DiplomProject.app */ = {isa = PBXFileReference; explicitFileType = wrapper.application; includeInIndex = 0; path = DiplomProject.app; sourceTree = BUILT_PRODUCTS_DIR; };
		33AE031723EAB0E00063D96F /* AppDelegate.swift */ = {isa = PBXFileReference; lastKnownFileType = sourcecode.swift; path = AppDelegate.swift; sourceTree = "<group>"; };
		33AE031923EAB0E00063D96F /* SceneDelegate.swift */ = {isa = PBXFileReference; lastKnownFileType = sourcecode.swift; path = SceneDelegate.swift; sourceTree = "<group>"; };
		33AE031E23EAB0E00063D96F /* Base */ = {isa = PBXFileReference; lastKnownFileType = file.storyboard; name = Base; path = Base.lproj/Main.storyboard; sourceTree = "<group>"; };
		33AE032023EAB0E90063D96F /* Assets.xcassets */ = {isa = PBXFileReference; lastKnownFileType = folder.assetcatalog; path = Assets.xcassets; sourceTree = "<group>"; };
		33AE032323EAB0E90063D96F /* Base */ = {isa = PBXFileReference; lastKnownFileType = file.storyboard; name = Base; path = Base.lproj/LaunchScreen.storyboard; sourceTree = "<group>"; };
		33AE032523EAB0E90063D96F /* Info.plist */ = {isa = PBXFileReference; lastKnownFileType = text.plist.xml; path = Info.plist; sourceTree = "<group>"; };
		A6EE0BCA1391491436C7DE5E /* Pods-DiplomProject.debug.xcconfig */ = {isa = PBXFileReference; includeInIndex = 1; lastKnownFileType = text.xcconfig; name = "Pods-DiplomProject.debug.xcconfig"; path = "Target Support Files/Pods-DiplomProject/Pods-DiplomProject.debug.xcconfig"; sourceTree = "<group>"; };
		CA5F7B1A9BB503CCC596D78F /* Pods_DiplomProject.framework */ = {isa = PBXFileReference; explicitFileType = wrapper.framework; includeInIndex = 0; path = Pods_DiplomProject.framework; sourceTree = BUILT_PRODUCTS_DIR; };
		DCF7EE9F1987319D5189B4E0 /* Pods-DiplomProject.release.xcconfig */ = {isa = PBXFileReference; includeInIndex = 1; lastKnownFileType = text.xcconfig; name = "Pods-DiplomProject.release.xcconfig"; path = "Target Support Files/Pods-DiplomProject/Pods-DiplomProject.release.xcconfig"; sourceTree = "<group>"; };
/* End PBXFileReference section */

/* Begin PBXFrameworksBuildPhase section */
		33AE031123EAB0E00063D96F /* Frameworks */ = {
			isa = PBXFrameworksBuildPhase;
			buildActionMask = 2147483647;
			files = (
				0ECA698405B87A0BD2FD12D9 /* Pods_DiplomProject.framework in Frameworks */,
			);
			runOnlyForDeploymentPostprocessing = 0;
		};
/* End PBXFrameworksBuildPhase section */

/* Begin PBXGroup section */
		3309EBCE23EAFFE0009C51E3 /* ExcenseScreenViewConroller */ = {
			isa = PBXGroup;
			children = (
				3309EBCF23EB0012009C51E3 /* ExcenseScreenViewConroller.swift */,
				3310221223EB056800541354 /* ExcenseScreenViewConroller + Alerts.swift */,
			);
			path = ExcenseScreenViewConroller;
			sourceTree = "<group>";
		};
		330E009623EAD36900664CA2 /* MainScreen */ = {
			isa = PBXGroup;
			children = (
				33ACA5E223EAC512003689D6 /* MainScreenViewController.swift */,
				330E009723EAD39600664CA2 /* MainScreenViewController+Alert.swift */,
			);
			path = MainScreen;
			sourceTree = "<group>";
		};
		3342A96123EAEC43004D3C0C /* ChartExpenseIncome */ = {
			isa = PBXGroup;
			children = (
				3342A96223EAEC8E004D3C0C /* ChartExpenseIncomeViewController.swift */,
			);
			path = ChartExpenseIncome;
			sourceTree = "<group>";
		};
		33ACA5D023EAB3BE003689D6 /* Entity */ = {
			isa = PBXGroup;
			children = (
				33ACA5D323EAB99D003689D6 /* Transaction.swift */,
				33ACA5DA23EABBBD003689D6 /* Income.swift */,
				33ACA5DC23EABC34003689D6 /* Expense.swift */,
				33ACA5DE23EABCC3003689D6 /* ExpenseCategory.swift */,
			);
			path = Entity;
			sourceTree = "<group>";
		};
		33ACA5D723EABAC6003689D6 /* Extensions */ = {
			isa = PBXGroup;
			children = (
			);
			path = Extensions;
			sourceTree = "<group>";
		};
		33ACA5E423EACBE4003689D6 /* CustomView */ = {
			isa = PBXGroup;
			children = (
				33ACA5E523EACC08003689D6 /* DefaultButton.swift */,
			);
			path = CustomView;
			sourceTree = "<group>";
		};
		33AE030B23EAB0E00063D96F = {
			isa = PBXGroup;
			children = (
				33AE031623EAB0E00063D96F /* DiplomProject */,
				33AE031523EAB0E00063D96F /* Products */,
				CB9FC0FFCF32756ED69CB060 /* Pods */,
				49293801E63129163FD7C3FB /* Frameworks */,
			);
			sourceTree = "<group>";
		};
		33AE031523EAB0E00063D96F /* Products */ = {
			isa = PBXGroup;
			children = (
				33AE031423EAB0E00063D96F /* DiplomProject.app */,
			);
			name = Products;
			sourceTree = "<group>";
		};
		33AE031623EAB0E00063D96F /* DiplomProject */ = {
			isa = PBXGroup;
			children = (
				3309EBCE23EAFFE0009C51E3 /* ExcenseScreenViewConroller */,
				3342A96123EAEC43004D3C0C /* ChartExpenseIncome */,
				330E009623EAD36900664CA2 /* MainScreen */,
				33ACA5E423EACBE4003689D6 /* CustomView */,
				33ACA5D723EABAC6003689D6 /* Extensions */,
				33ACA5D023EAB3BE003689D6 /* Entity */,
				33AE031723EAB0E00063D96F /* AppDelegate.swift */,
				33AE031923EAB0E00063D96F /* SceneDelegate.swift */,
				33AE031D23EAB0E00063D96F /* Main.storyboard */,
				33AE032023EAB0E90063D96F /* Assets.xcassets */,
				33AE032223EAB0E90063D96F /* LaunchScreen.storyboard */,
				33AE032523EAB0E90063D96F /* Info.plist */,
				33ACA5D123EAB3E4003689D6 /* Persistence.swift */,
				33ACA5E023EAC32E003689D6 /* ExcensesCategoryTableViewCell.swift */,
				3342A96423EAF796004D3C0C /* TransactionTableViewCell.swift */,
			);
			path = DiplomProject;
			sourceTree = "<group>";
		};
		49293801E63129163FD7C3FB /* Frameworks */ = {
			isa = PBXGroup;
			children = (
				CA5F7B1A9BB503CCC596D78F /* Pods_DiplomProject.framework */,
			);
			name = Frameworks;
			sourceTree = "<group>";
		};
		CB9FC0FFCF32756ED69CB060 /* Pods */ = {
			isa = PBXGroup;
			children = (
				A6EE0BCA1391491436C7DE5E /* Pods-DiplomProject.debug.xcconfig */,
				DCF7EE9F1987319D5189B4E0 /* Pods-DiplomProject.release.xcconfig */,
			);
			path = Pods;
			sourceTree = "<group>";
		};
/* End PBXGroup section */

/* Begin PBXNativeTarget section */
		33AE031323EAB0E00063D96F /* DiplomProject */ = {
			isa = PBXNativeTarget;
			buildConfigurationList = 33AE032823EAB0E90063D96F /* Build configuration list for PBXNativeTarget "DiplomProject" */;
			buildPhases = (
				BF66311C6E93A123B67AE9D0 /* [CP] Check Pods Manifest.lock */,
				33AE031023EAB0E00063D96F /* Sources */,
				33AE031123EAB0E00063D96F /* Frameworks */,
				33AE031223EAB0E00063D96F /* Resources */,
				5C651D027E2797B59A7298E2 /* [CP] Embed Pods Frameworks */,
			);
			buildRules = (
			);
			dependencies = (
			);
			name = DiplomProject;
			productName = DiplomProject;
			productReference = 33AE031423EAB0E00063D96F /* DiplomProject.app */;
			productType = "com.apple.product-type.application";
		};
/* End PBXNativeTarget section */

/* Begin PBXProject section */
		33AE030C23EAB0E00063D96F /* Project object */ = {
			isa = PBXProject;
			attributes = {
				LastSwiftUpdateCheck = 1130;
				LastUpgradeCheck = 1130;
				ORGANIZATIONNAME = "Михаил Беленко";
				TargetAttributes = {
					33AE031323EAB0E00063D96F = {
						CreatedOnToolsVersion = 11.3.1;
					};
				};
			};
			buildConfigurationList = 33AE030F23EAB0E00063D96F /* Build configuration list for PBXProject "DiplomProject" */;
			compatibilityVersion = "Xcode 9.3";
			developmentRegion = en;
			hasScannedForEncodings = 0;
			knownRegions = (
				en,
				Base,
			);
			mainGroup = 33AE030B23EAB0E00063D96F;
			productRefGroup = 33AE031523EAB0E00063D96F /* Products */;
			projectDirPath = "";
			projectRoot = "";
			targets = (
				33AE031323EAB0E00063D96F /* DiplomProject */,
			);
		};
/* End PBXProject section */

/* Begin PBXResourcesBuildPhase section */
		33AE031223EAB0E00063D96F /* Resources */ = {
			isa = PBXResourcesBuildPhase;
			buildActionMask = 2147483647;
			files = (
				33AE032423EAB0E90063D96F /* LaunchScreen.storyboard in Resources */,
				33AE032123EAB0E90063D96F /* Assets.xcassets in Resources */,
				33AE031F23EAB0E00063D96F /* Main.storyboard in Resources */,
			);
			runOnlyForDeploymentPostprocessing = 0;
		};
/* End PBXResourcesBuildPhase section */

/* Begin PBXShellScriptBuildPhase section */
		5C651D027E2797B59A7298E2 /* [CP] Embed Pods Frameworks */ = {
			isa = PBXShellScriptBuildPhase;
			buildActionMask = 2147483647;
			files = (
			);
			inputFileListPaths = (
				"${PODS_ROOT}/Target Support Files/Pods-DiplomProject/Pods-DiplomProject-frameworks-${CONFIGURATION}-input-files.xcfilelist",
			);
			name = "[CP] Embed Pods Frameworks";
			outputFileListPaths = (
				"${PODS_ROOT}/Target Support Files/Pods-DiplomProject/Pods-DiplomProject-frameworks-${CONFIGURATION}-output-files.xcfilelist",
			);
			runOnlyForDeploymentPostprocessing = 0;
			shellPath = /bin/sh;
			shellScript = "\"${PODS_ROOT}/Target Support Files/Pods-DiplomProject/Pods-DiplomProject-frameworks.sh\"\n";
			showEnvVarsInLog = 0;
		};
		BF66311C6E93A123B67AE9D0 /* [CP] Check Pods Manifest.lock */ = {
			isa = PBXShellScriptBuildPhase;
			buildActionMask = 2147483647;
			files = (
			);
			inputFileListPaths = (
			);
			inputPaths = (
				"${PODS_PODFILE_DIR_PATH}/Podfile.lock",
				"${PODS_ROOT}/Manifest.lock",
			);
			name = "[CP] Check Pods Manifest.lock";
			outputFileListPaths = (
			);
			outputPaths = (
				"$(DERIVED_FILE_DIR)/Pods-DiplomProject-checkManifestLockResult.txt",
			);
			runOnlyForDeploymentPostprocessing = 0;
			shellPath = /bin/sh;
			shellScript = "diff \"${PODS_PODFILE_DIR_PATH}/Podfile.lock\" \"${PODS_ROOT}/Manifest.lock\" > /dev/null\nif [ $? != 0 ] ; then\n    # print error to STDERR\n    echo \"error: The sandbox is not in sync with the Podfile.lock. Run 'pod install' or update your CocoaPods installation.\" >&2\n    exit 1\nfi\n# This output is used by Xcode 'outputs' to avoid re-running this script phase.\necho \"SUCCESS\" > \"${SCRIPT_OUTPUT_FILE_0}\"\n";
			showEnvVarsInLog = 0;
		};
/* End PBXShellScriptBuildPhase section */

/* Begin PBXSourcesBuildPhase section */
		33AE031023EAB0E00063D96F /* Sources */ = {
			isa = PBXSourcesBuildPhase;
			buildActionMask = 2147483647;
			files = (
				33ACA5DD23EABC34003689D6 /* Expense.swift in Sources */,
				3342A96323EAEC8E004D3C0C /* ChartExpenseIncomeViewController.swift in Sources */,
				330E009823EAD39600664CA2 /* MainScreenViewController+Alert.swift in Sources */,
				33ACA5D223EAB3E5003689D6 /* Persistence.swift in Sources */,
				33AE031823EAB0E00063D96F /* AppDelegate.swift in Sources */,
				33ACA5E123EAC32E003689D6 /* ExcensesCategoryTableViewCell.swift in Sources */,
				3309EBD023EB0012009C51E3 /* ExcenseScreenViewConroller.swift in Sources */,
				3342A96523EAF796004D3C0C /* TransactionTableViewCell.swift in Sources */,
				33AE031A23EAB0E00063D96F /* SceneDelegate.swift in Sources */,
				33ACA5E623EACC08003689D6 /* DefaultButton.swift in Sources */,
				33ACA5DB23EABBBD003689D6 /* Income.swift in Sources */,
				3310221323EB056800541354 /* ExcenseScreenViewConroller + Alerts.swift in Sources */,
				33ACA5DF23EABCC3003689D6 /* ExpenseCategory.swift in Sources */,
				33ACA5D423EAB99D003689D6 /* Transaction.swift in Sources */,
				33ACA5E323EAC512003689D6 /* MainScreenViewController.swift in Sources */,
			);
			runOnlyForDeploymentPostprocessing = 0;
		};
/* End PBXSourcesBuildPhase section */

/* Begin PBXVariantGroup section */
		33AE031D23EAB0E00063D96F /* Main.storyboard */ = {
			isa = PBXVariantGroup;
			children = (
				33AE031E23EAB0E00063D96F /* Base */,
			);
			name = Main.storyboard;
			sourceTree = "<group>";
		};
		33AE032223EAB0E90063D96F /* LaunchScreen.storyboard */ = {
			isa = PBXVariantGroup;
			children = (
				33AE032323EAB0E90063D96F /* Base */,
			);
			name = LaunchScreen.storyboard;
			sourceTree = "<group>";
		};
/* End PBXVariantGroup section */

/* Begin XCBuildConfiguration section */
		33AE032623EAB0E90063D96F /* Debug */ = {
			isa = XCBuildConfiguration;
			buildSettings = {
				ALWAYS_SEARCH_USER_PATHS = NO;
				CLANG_ANALYZER_NONNULL = YES;
				CLANG_ANALYZER_NUMBER_OBJECT_CONVERSION = YES_AGGRESSIVE;
				CLANG_CXX_LANGUAGE_STANDARD = "gnu++14";
				CLANG_CXX_LIBRARY = "libc++";
				CLANG_ENABLE_MODULES = YES;
				CLANG_ENABLE_OBJC_ARC = YES;
				CLANG_ENABLE_OBJC_WEAK = YES;
				CLANG_WARN_BLOCK_CAPTURE_AUTORELEASING = YES;
				CLANG_WARN_BOOL_CONVERSION = YES;
				CLANG_WARN_COMMA = YES;
				CLANG_WARN_CONSTANT_CONVERSION = YES;
				CLANG_WARN_DEPRECATED_OBJC_IMPLEMENTATIONS = YES;
				CLANG_WARN_DIRECT_OBJC_ISA_USAGE = YES_ERROR;
				CLANG_WARN_DOCUMENTATION_COMMENTS = YES;
				CLANG_WARN_EMPTY_BODY = YES;
				CLANG_WARN_ENUM_CONVERSION = YES;
				CLANG_WARN_INFINITE_RECURSION = YES;
				CLANG_WARN_INT_CONVERSION = YES;
				CLANG_WARN_NON_LITERAL_NULL_CONVERSION = YES;
				CLANG_WARN_OBJC_IMPLICIT_RETAIN_SELF = YES;
				CLANG_WARN_OBJC_LITERAL_CONVERSION = YES;
				CLANG_WARN_OBJC_ROOT_CLASS = YES_ERROR;
				CLANG_WARN_RANGE_LOOP_ANALYSIS = YES;
				CLANG_WARN_STRICT_PROTOTYPES = YES;
				CLANG_WARN_SUSPICIOUS_MOVE = YES;
				CLANG_WARN_UNGUARDED_AVAILABILITY = YES_AGGRESSIVE;
				CLANG_WARN_UNREACHABLE_CODE = YES;
				CLANG_WARN__DUPLICATE_METHOD_MATCH = YES;
				COPY_PHASE_STRIP = NO;
				DEBUG_INFORMATION_FORMAT = dwarf;
				ENABLE_STRICT_OBJC_MSGSEND = YES;
				ENABLE_TESTABILITY = YES;
				GCC_C_LANGUAGE_STANDARD = gnu11;
				GCC_DYNAMIC_NO_PIC = NO;
				GCC_NO_COMMON_BLOCKS = YES;
				GCC_OPTIMIZATION_LEVEL = 0;
				GCC_PREPROCESSOR_DEFINITIONS = (
					"DEBUG=1",
					"$(inherited)",
				);
				GCC_WARN_64_TO_32_BIT_CONVERSION = YES;
				GCC_WARN_ABOUT_RETURN_TYPE = YES_ERROR;
				GCC_WARN_UNDECLARED_SELECTOR = YES;
				GCC_WARN_UNINITIALIZED_AUTOS = YES_AGGRESSIVE;
				GCC_WARN_UNUSED_FUNCTION = YES;
				GCC_WARN_UNUSED_VARIABLE = YES;
				IPHONEOS_DEPLOYMENT_TARGET = 13.2;
				MTL_ENABLE_DEBUG_INFO = INCLUDE_SOURCE;
				MTL_FAST_MATH = YES;
				ONLY_ACTIVE_ARCH = YES;
				SDKROOT = iphoneos;
				SWIFT_ACTIVE_COMPILATION_CONDITIONS = DEBUG;
				SWIFT_OPTIMIZATION_LEVEL = "-Onone";
			};
			name = Debug;
		};
		33AE032723EAB0E90063D96F /* Release */ = {
			isa = XCBuildConfiguration;
			buildSettings = {
				ALWAYS_SEARCH_USER_PATHS = NO;
				CLANG_ANALYZER_NONNULL = YES;
				CLANG_ANALYZER_NUMBER_OBJECT_CONVERSION = YES_AGGRESSIVE;
				CLANG_CXX_LANGUAGE_STANDARD = "gnu++14";
				CLANG_CXX_LIBRARY = "libc++";
				CLANG_ENABLE_MODULES = YES;
				CLANG_ENABLE_OBJC_ARC = YES;
				CLANG_ENABLE_OBJC_WEAK = YES;
				CLANG_WARN_BLOCK_CAPTURE_AUTORELEASING = YES;
				CLANG_WARN_BOOL_CONVERSION = YES;
				CLANG_WARN_COMMA = YES;
				CLANG_WARN_CONSTANT_CONVERSION = YES;
				CLANG_WARN_DEPRECATED_OBJC_IMPLEMENTATIONS = YES;
				CLANG_WARN_DIRECT_OBJC_ISA_USAGE = YES_ERROR;
				CLANG_WARN_DOCUMENTATION_COMMENTS = YES;
				CLANG_WARN_EMPTY_BODY = YES;
				CLANG_WARN_ENUM_CONVERSION = YES;
				CLANG_WARN_INFINITE_RECURSION = YES;
				CLANG_WARN_INT_CONVERSION = YES;
				CLANG_WARN_NON_LITERAL_NULL_CONVERSION = YES;
				CLANG_WARN_OBJC_IMPLICIT_RETAIN_SELF = YES;
				CLANG_WARN_OBJC_LITERAL_CONVERSION = YES;
				CLANG_WARN_OBJC_ROOT_CLASS = YES_ERROR;
				CLANG_WARN_RANGE_LOOP_ANALYSIS = YES;
				CLANG_WARN_STRICT_PROTOTYPES = YES;
				CLANG_WARN_SUSPICIOUS_MOVE = YES;
				CLANG_WARN_UNGUARDED_AVAILABILITY = YES_AGGRESSIVE;
				CLANG_WARN_UNREACHABLE_CODE = YES;
				CLANG_WARN__DUPLICATE_METHOD_MATCH = YES;
				COPY_PHASE_STRIP = NO;
				DEBUG_INFORMATION_FORMAT = "dwarf-with-dsym";
				ENABLE_NS_ASSERTIONS = NO;
				ENABLE_STRICT_OBJC_MSGSEND = YES;
				GCC_C_LANGUAGE_STANDARD = gnu11;
				GCC_NO_COMMON_BLOCKS = YES;
				GCC_WARN_64_TO_32_BIT_CONVERSION = YES;
				GCC_WARN_ABOUT_RETURN_TYPE = YES_ERROR;
				GCC_WARN_UNDECLARED_SELECTOR = YES;
				GCC_WARN_UNINITIALIZED_AUTOS = YES_AGGRESSIVE;
				GCC_WARN_UNUSED_FUNCTION = YES;
				GCC_WARN_UNUSED_VARIABLE = YES;
				IPHONEOS_DEPLOYMENT_TARGET = 13.2;
				MTL_ENABLE_DEBUG_INFO = NO;
				MTL_FAST_MATH = YES;
				SDKROOT = iphoneos;
				SWIFT_COMPILATION_MODE = wholemodule;
				SWIFT_OPTIMIZATION_LEVEL = "-O";
				VALIDATE_PRODUCT = YES;
			};
			name = Release;
		};
		33AE032923EAB0E90063D96F /* Debug */ = {
			isa = XCBuildConfiguration;
			baseConfigurationReference = A6EE0BCA1391491436C7DE5E /* Pods-DiplomProject.debug.xcconfig */;
			buildSettings = {
				ASSETCATALOG_COMPILER_APPICON_NAME = AppIcon;
				CODE_SIGN_STYLE = Automatic;
				DEVELOPMENT_TEAM = 8374DGJ7W4;
				INFOPLIST_FILE = DiplomProject/Info.plist;
				LD_RUNPATH_SEARCH_PATHS = (
					"$(inherited)",
					"@executable_path/Frameworks",
				);
				PRODUCT_BUNDLE_IDENTIFIER = BelenkoMO.DiplomProject;
				PRODUCT_NAME = "$(TARGET_NAME)";
				SWIFT_VERSION = 5.0;
				TARGETED_DEVICE_FAMILY = "1,2";
			};
			name = Debug;
		};
		33AE032A23EAB0E90063D96F /* Release */ = {
			isa = XCBuildConfiguration;
			baseConfigurationReference = DCF7EE9F1987319D5189B4E0 /* Pods-DiplomProject.release.xcconfig */;
			buildSettings = {
				ASSETCATALOG_COMPILER_APPICON_NAME = AppIcon;
				CODE_SIGN_STYLE = Automatic;
				DEVELOPMENT_TEAM = 8374DGJ7W4;
				INFOPLIST_FILE = DiplomProject/Info.plist;
				LD_RUNPATH_SEARCH_PATHS = (
					"$(inherited)",
					"@executable_path/Frameworks",
				);
				PRODUCT_BUNDLE_IDENTIFIER = BelenkoMO.DiplomProject;
				PRODUCT_NAME = "$(TARGET_NAME)";
				SWIFT_VERSION = 5.0;
				TARGETED_DEVICE_FAMILY = "1,2";
			};
			name = Release;
		};
/* End XCBuildConfiguration section */

/* Begin XCConfigurationList section */
		33AE030F23EAB0E00063D96F /* Build configuration list for PBXProject "DiplomProject" */ = {
			isa = XCConfigurationList;
			buildConfigurations = (
				33AE032623EAB0E90063D96F /* Debug */,
				33AE032723EAB0E90063D96F /* Release */,
			);
			defaultConfigurationIsVisible = 0;
			defaultConfigurationName = Release;
		};
		33AE032823EAB0E90063D96F /* Build configuration list for PBXNativeTarget "DiplomProject" */ = {
			isa = XCConfigurationList;
			buildConfigurations = (
				33AE032923EAB0E90063D96F /* Debug */,
				33AE032A23EAB0E90063D96F /* Release */,
			);
			defaultConfigurationIsVisible = 0;
			defaultConfigurationName = Release;
		};
/* End XCConfigurationList section */
	};
	rootObject = 33AE030C23EAB0E00063D96F /* Project object */;
}
